// !$*UTF8*$!
{
	archiveVersion = 1;
	classes = {
	};
	objectVersion = 50;
	objects = {

/* Begin PBXBuildFile section */
		12DDC876DA919CB05665A7D5 /* Pods_Rx_Playground.framework in Frameworks */ = {isa = PBXBuildFile; fileRef = F36D6FDB479A541903A6E39C /* Pods_Rx_Playground.framework */; };
		C3DA0EC1232F595E00A94DC6 /* AppDelegate.swift in Sources */ = {isa = PBXBuildFile; fileRef = C3DA0EC0232F595E00A94DC6 /* AppDelegate.swift */; };
		C3DA0EC3232F595E00A94DC6 /* ViewController.swift in Sources */ = {isa = PBXBuildFile; fileRef = C3DA0EC2232F595E00A94DC6 /* ViewController.swift */; };
		C3DA0EC6232F595E00A94DC6 /* Main.storyboard in Resources */ = {isa = PBXBuildFile; fileRef = C3DA0EC4232F595E00A94DC6 /* Main.storyboard */; };
		C3DA0EC8232F595F00A94DC6 /* Assets.xcassets in Resources */ = {isa = PBXBuildFile; fileRef = C3DA0EC7232F595F00A94DC6 /* Assets.xcassets */; };
		C3DA0ECB232F595F00A94DC6 /* LaunchScreen.storyboard in Resources */ = {isa = PBXBuildFile; fileRef = C3DA0EC9232F595F00A94DC6 /* LaunchScreen.storyboard */; };
		C3DA0ED6232F595F00A94DC6 /* Rx_PlaygroundTests.swift in Sources */ = {isa = PBXBuildFile; fileRef = C3DA0ED5232F595F00A94DC6 /* Rx_PlaygroundTests.swift */; };
		C3DA0EE1232F595F00A94DC6 /* Rx_PlaygroundUITests.swift in Sources */ = {isa = PBXBuildFile; fileRef = C3DA0EE0232F595F00A94DC6 /* Rx_PlaygroundUITests.swift */; };
/* End PBXBuildFile section */

/* Begin PBXContainerItemProxy section */
		C3DA0ED2232F595F00A94DC6 /* PBXContainerItemProxy */ = {
			isa = PBXContainerItemProxy;
			containerPortal = C3DA0EB5232F595E00A94DC6 /* Project object */;
			proxyType = 1;
			remoteGlobalIDString = C3DA0EBC232F595E00A94DC6;
			remoteInfo = "Rx-Playground";
		};
		C3DA0EDD232F595F00A94DC6 /* PBXContainerItemProxy */ = {
			isa = PBXContainerItemProxy;
			containerPortal = C3DA0EB5232F595E00A94DC6 /* Project object */;
			proxyType = 1;
			remoteGlobalIDString = C3DA0EBC232F595E00A94DC6;
			remoteInfo = "Rx-Playground";
		};
/* End PBXContainerItemProxy section */

/* Begin PBXFileReference section */
		AC8973CEFBEFDACBD490D9FB /* Pods-Rx-Playground.release.xcconfig */ = {isa = PBXFileReference; includeInIndex = 1; lastKnownFileType = text.xcconfig; name = "Pods-Rx-Playground.release.xcconfig"; path = "../Rx-Playground/Pods/Target Support Files/Pods-Rx-Playground/Pods-Rx-Playground.release.xcconfig"; sourceTree = "<group>"; };
		C3DA0EBD232F595E00A94DC6 /* Rx-Playground.app */ = {isa = PBXFileReference; explicitFileType = wrapper.application; includeInIndex = 0; path = "Rx-Playground.app"; sourceTree = BUILT_PRODUCTS_DIR; };
		C3DA0EC0232F595E00A94DC6 /* AppDelegate.swift */ = {isa = PBXFileReference; lastKnownFileType = sourcecode.swift; path = AppDelegate.swift; sourceTree = "<group>"; };
		C3DA0EC2232F595E00A94DC6 /* ViewController.swift */ = {isa = PBXFileReference; lastKnownFileType = sourcecode.swift; path = ViewController.swift; sourceTree = "<group>"; };
		C3DA0EC5232F595E00A94DC6 /* Base */ = {isa = PBXFileReference; lastKnownFileType = file.storyboard; name = Base; path = Base.lproj/Main.storyboard; sourceTree = "<group>"; };
		C3DA0EC7232F595F00A94DC6 /* Assets.xcassets */ = {isa = PBXFileReference; lastKnownFileType = folder.assetcatalog; path = Assets.xcassets; sourceTree = "<group>"; };
		C3DA0ECA232F595F00A94DC6 /* Base */ = {isa = PBXFileReference; lastKnownFileType = file.storyboard; name = Base; path = Base.lproj/LaunchScreen.storyboard; sourceTree = "<group>"; };
		C3DA0ECC232F595F00A94DC6 /* Info.plist */ = {isa = PBXFileReference; lastKnownFileType = text.plist.xml; path = Info.plist; sourceTree = "<group>"; };
		C3DA0ED1232F595F00A94DC6 /* Rx-PlaygroundTests.xctest */ = {isa = PBXFileReference; explicitFileType = wrapper.cfbundle; includeInIndex = 0; path = "Rx-PlaygroundTests.xctest"; sourceTree = BUILT_PRODUCTS_DIR; };
		C3DA0ED5232F595F00A94DC6 /* Rx_PlaygroundTests.swift */ = {isa = PBXFileReference; lastKnownFileType = sourcecode.swift; path = Rx_PlaygroundTests.swift; sourceTree = "<group>"; };
		C3DA0ED7232F595F00A94DC6 /* Info.plist */ = {isa = PBXFileReference; lastKnownFileType = text.plist.xml; path = Info.plist; sourceTree = "<group>"; };
		C3DA0EDC232F595F00A94DC6 /* Rx-PlaygroundUITests.xctest */ = {isa = PBXFileReference; explicitFileType = wrapper.cfbundle; includeInIndex = 0; path = "Rx-PlaygroundUITests.xctest"; sourceTree = BUILT_PRODUCTS_DIR; };
		C3DA0EE0232F595F00A94DC6 /* Rx_PlaygroundUITests.swift */ = {isa = PBXFileReference; lastKnownFileType = sourcecode.swift; path = Rx_PlaygroundUITests.swift; sourceTree = "<group>"; };
		C3DA0EE2232F595F00A94DC6 /* Info.plist */ = {isa = PBXFileReference; lastKnownFileType = text.plist.xml; path = Info.plist; sourceTree = "<group>"; };
		DE854163B317A632DD8C96EB /* Pods-Rx-Playground.debug.xcconfig */ = {isa = PBXFileReference; includeInIndex = 1; lastKnownFileType = text.xcconfig; name = "Pods-Rx-Playground.debug.xcconfig"; path = "../Rx-Playground/Pods/Target Support Files/Pods-Rx-Playground/Pods-Rx-Playground.debug.xcconfig"; sourceTree = "<group>"; };
		F36D6FDB479A541903A6E39C /* Pods_Rx_Playground.framework */ = {isa = PBXFileReference; explicitFileType = wrapper.framework; includeInIndex = 0; path = Pods_Rx_Playground.framework; sourceTree = BUILT_PRODUCTS_DIR; };
/* End PBXFileReference section */

/* Begin PBXFrameworksBuildPhase section */
		C3DA0EBA232F595E00A94DC6 /* Frameworks */ = {
			isa = PBXFrameworksBuildPhase;
			buildActionMask = 2147483647;
			files = (
				12DDC876DA919CB05665A7D5 /* Pods_Rx_Playground.framework in Frameworks */,
			);
			runOnlyForDeploymentPostprocessing = 0;
		};
		C3DA0ECE232F595F00A94DC6 /* Frameworks */ = {
			isa = PBXFrameworksBuildPhase;
			buildActionMask = 2147483647;
			files = (
			);
			runOnlyForDeploymentPostprocessing = 0;
		};
		C3DA0ED9232F595F00A94DC6 /* Frameworks */ = {
			isa = PBXFrameworksBuildPhase;
			buildActionMask = 2147483647;
			files = (
			);
			runOnlyForDeploymentPostprocessing = 0;
		};
/* End PBXFrameworksBuildPhase section */

/* Begin PBXGroup section */
		6053C5C0EDDF78D46144C5C8 /* Frameworks */ = {
			isa = PBXGroup;
			children = (
				F36D6FDB479A541903A6E39C /* Pods_Rx_Playground.framework */,
			);
			name = Frameworks;
			sourceTree = "<group>";
		};
		93016CAAB0B5982D7F7CA720 /* Pods */ = {
			isa = PBXGroup;
			children = (
				DE854163B317A632DD8C96EB /* Pods-Rx-Playground.debug.xcconfig */,
				AC8973CEFBEFDACBD490D9FB /* Pods-Rx-Playground.release.xcconfig */,
			);
			name = Pods;
			path = ../Pods;
			sourceTree = "<group>";
		};
		C3DA0EB4232F595E00A94DC6 = {
			isa = PBXGroup;
			children = (
				C3DA0EBF232F595E00A94DC6 /* Rx-Playground */,
				C3DA0ED4232F595F00A94DC6 /* Rx-PlaygroundTests */,
				C3DA0EDF232F595F00A94DC6 /* Rx-PlaygroundUITests */,
				C3DA0EBE232F595E00A94DC6 /* Products */,
				93016CAAB0B5982D7F7CA720 /* Pods */,
				6053C5C0EDDF78D46144C5C8 /* Frameworks */,
			);
			sourceTree = "<group>";
		};
		C3DA0EBE232F595E00A94DC6 /* Products */ = {
			isa = PBXGroup;
			children = (
				C3DA0EBD232F595E00A94DC6 /* Rx-Playground.app */,
				C3DA0ED1232F595F00A94DC6 /* Rx-PlaygroundTests.xctest */,
				C3DA0EDC232F595F00A94DC6 /* Rx-PlaygroundUITests.xctest */,
			);
			name = Products;
			sourceTree = "<group>";
		};
		C3DA0EBF232F595E00A94DC6 /* Rx-Playground */ = {
			isa = PBXGroup;
			children = (
				C3DA0EC0232F595E00A94DC6 /* AppDelegate.swift */,
				C3DA0EC2232F595E00A94DC6 /* ViewController.swift */,
				C3DA0EC4232F595E00A94DC6 /* Main.storyboard */,
				C3DA0EC7232F595F00A94DC6 /* Assets.xcassets */,
				C3DA0EC9232F595F00A94DC6 /* LaunchScreen.storyboard */,
				C3DA0ECC232F595F00A94DC6 /* Info.plist */,
			);
			path = "Rx-Playground";
			sourceTree = "<group>";
		};
		C3DA0ED4232F595F00A94DC6 /* Rx-PlaygroundTests */ = {
			isa = PBXGroup;
			children = (
				C3DA0ED5232F595F00A94DC6 /* Rx_PlaygroundTests.swift */,
				C3DA0ED7232F595F00A94DC6 /* Info.plist */,
			);
			path = "Rx-PlaygroundTests";
			sourceTree = "<group>";
		};
		C3DA0EDF232F595F00A94DC6 /* Rx-PlaygroundUITests */ = {
			isa = PBXGroup;
			children = (
				C3DA0EE0232F595F00A94DC6 /* Rx_PlaygroundUITests.swift */,
				C3DA0EE2232F595F00A94DC6 /* Info.plist */,
			);
			path = "Rx-PlaygroundUITests";
			sourceTree = "<group>";
		};
/* End PBXGroup section */

/* Begin PBXNativeTarget section */
		C3DA0EBC232F595E00A94DC6 /* Rx-Playground */ = {
			isa = PBXNativeTarget;
			buildConfigurationList = C3DA0EE5232F595F00A94DC6 /* Build configuration list for PBXNativeTarget "Rx-Playground" */;
			buildPhases = (
				0C95F284C3A206D661221A85 /* [CP] Check Pods Manifest.lock */,
				C3DA0EB9232F595E00A94DC6 /* Sources */,
				C3DA0EBA232F595E00A94DC6 /* Frameworks */,
				C3DA0EBB232F595E00A94DC6 /* Resources */,
				3A1FF67576D49EAADBA04CA6 /* [CP] Embed Pods Frameworks */,
			);
			buildRules = (
			);
			dependencies = (
			);
			name = "Rx-Playground";
			productName = "Rx-Playground";
			productReference = C3DA0EBD232F595E00A94DC6 /* Rx-Playground.app */;
			productType = "com.apple.product-type.application";
		};
		C3DA0ED0232F595F00A94DC6 /* Rx-PlaygroundTests */ = {
			isa = PBXNativeTarget;
			buildConfigurationList = C3DA0EE8232F595F00A94DC6 /* Build configuration list for PBXNativeTarget "Rx-PlaygroundTests" */;
			buildPhases = (
				C3DA0ECD232F595F00A94DC6 /* Sources */,
				C3DA0ECE232F595F00A94DC6 /* Frameworks */,
				C3DA0ECF232F595F00A94DC6 /* Resources */,
			);
			buildRules = (
			);
			dependencies = (
				C3DA0ED3232F595F00A94DC6 /* PBXTargetDependency */,
			);
			name = "Rx-PlaygroundTests";
			productName = "Rx-PlaygroundTests";
			productReference = C3DA0ED1232F595F00A94DC6 /* Rx-PlaygroundTests.xctest */;
			productType = "com.apple.product-type.bundle.unit-test";
		};
		C3DA0EDB232F595F00A94DC6 /* Rx-PlaygroundUITests */ = {
			isa = PBXNativeTarget;
			buildConfigurationList = C3DA0EEB232F595F00A94DC6 /* Build configuration list for PBXNativeTarget "Rx-PlaygroundUITests" */;
			buildPhases = (
				C3DA0ED8232F595F00A94DC6 /* Sources */,
				C3DA0ED9232F595F00A94DC6 /* Frameworks */,
				C3DA0EDA232F595F00A94DC6 /* Resources */,
			);
			buildRules = (
			);
			dependencies = (
				C3DA0EDE232F595F00A94DC6 /* PBXTargetDependency */,
			);
			name = "Rx-PlaygroundUITests";
			productName = "Rx-PlaygroundUITests";
			productReference = C3DA0EDC232F595F00A94DC6 /* Rx-PlaygroundUITests.xctest */;
			productType = "com.apple.product-type.bundle.ui-testing";
		};
/* End PBXNativeTarget section */

/* Begin PBXProject section */
		C3DA0EB5232F595E00A94DC6 /* Project object */ = {
			isa = PBXProject;
			attributes = {
				LastSwiftUpdateCheck = 1020;
				LastUpgradeCheck = 1020;
				ORGANIZATIONNAME = "Edgar Allan Fojas";
				TargetAttributes = {
					C3DA0EBC232F595E00A94DC6 = {
						CreatedOnToolsVersion = 10.2.1;
					};
					C3DA0ED0232F595F00A94DC6 = {
						CreatedOnToolsVersion = 10.2.1;
						TestTargetID = C3DA0EBC232F595E00A94DC6;
					};
					C3DA0EDB232F595F00A94DC6 = {
						CreatedOnToolsVersion = 10.2.1;
						TestTargetID = C3DA0EBC232F595E00A94DC6;
					};
				};
			};
			buildConfigurationList = C3DA0EB8232F595E00A94DC6 /* Build configuration list for PBXProject "Rx-Playground" */;
			compatibilityVersion = "Xcode 9.3";
			developmentRegion = en;
			hasScannedForEncodings = 0;
			knownRegions = (
				en,
				Base,
			);
			mainGroup = C3DA0EB4232F595E00A94DC6;
			productRefGroup = C3DA0EBE232F595E00A94DC6 /* Products */;
			projectDirPath = "";
			projectRoot = "";
			targets = (
				C3DA0EBC232F595E00A94DC6 /* Rx-Playground */,
				C3DA0ED0232F595F00A94DC6 /* Rx-PlaygroundTests */,
				C3DA0EDB232F595F00A94DC6 /* Rx-PlaygroundUITests */,
			);
		};
/* End PBXProject section */

/* Begin PBXResourcesBuildPhase section */
		C3DA0EBB232F595E00A94DC6 /* Resources */ = {
			isa = PBXResourcesBuildPhase;
			buildActionMask = 2147483647;
			files = (
				C3DA0ECB232F595F00A94DC6 /* LaunchScreen.storyboard in Resources */,
				C3DA0EC8232F595F00A94DC6 /* Assets.xcassets in Resources */,
				C3DA0EC6232F595E00A94DC6 /* Main.storyboard in Resources */,
			);
			runOnlyForDeploymentPostprocessing = 0;
		};
		C3DA0ECF232F595F00A94DC6 /* Resources */ = {
			isa = PBXResourcesBuildPhase;
			buildActionMask = 2147483647;
			files = (
			);
			runOnlyForDeploymentPostprocessing = 0;
		};
		C3DA0EDA232F595F00A94DC6 /* Resources */ = {
			isa = PBXResourcesBuildPhase;
			buildActionMask = 2147483647;
			files = (
			);
			runOnlyForDeploymentPostprocessing = 0;
		};
/* End PBXResourcesBuildPhase section */

/* Begin PBXShellScriptBuildPhase section */
		0C95F284C3A206D661221A85 /* [CP] Check Pods Manifest.lock */ = {
			isa = PBXShellScriptBuildPhase;
			buildActionMask = 2147483647;
			files = (
			);
			inputFileListPaths = (
			);
			inputPaths = (
				"${PODS_PODFILE_DIR_PATH}/Podfile.lock",
				"${PODS_ROOT}/Manifest.lock",
			);
			name = "[CP] Check Pods Manifest.lock";
			outputFileListPaths = (
			);
			outputPaths = (
				"$(DERIVED_FILE_DIR)/Pods-Rx-Playground-checkManifestLockResult.txt",
			);
			runOnlyForDeploymentPostprocessing = 0;
			shellPath = /bin/sh;
			shellScript = "diff \"${PODS_PODFILE_DIR_PATH}/Podfile.lock\" \"${PODS_ROOT}/Manifest.lock\" > /dev/null\nif [ $? != 0 ] ; then\n    # print error to STDERR\n    echo \"error: The sandbox is not in sync with the Podfile.lock. Run 'pod install' or update your CocoaPods installation.\" >&2\n    exit 1\nfi\n# This output is used by Xcode 'outputs' to avoid re-running this script phase.\necho \"SUCCESS\" > \"${SCRIPT_OUTPUT_FILE_0}\"\n";
			showEnvVarsInLog = 0;
		};
		3A1FF67576D49EAADBA04CA6 /* [CP] Embed Pods Frameworks */ = {
			isa = PBXShellScriptBuildPhase;
			buildActionMask = 2147483647;
			files = (
			);
			inputFileListPaths = (
				"${PODS_ROOT}/Target Support Files/Pods-Rx-Playground/Pods-Rx-Playground-frameworks-${CONFIGURATION}-input-files.xcfilelist",
			);
			name = "[CP] Embed Pods Frameworks";
			outputFileListPaths = (
				"${PODS_ROOT}/Target Support Files/Pods-Rx-Playground/Pods-Rx-Playground-frameworks-${CONFIGURATION}-output-files.xcfilelist",
			);
			runOnlyForDeploymentPostprocessing = 0;
			shellPath = /bin/sh;
			shellScript = "\"${PODS_ROOT}/Target Support Files/Pods-Rx-Playground/Pods-Rx-Playground-frameworks.sh\"\n";
			showEnvVarsInLog = 0;
		};
/* End PBXShellScriptBuildPhase section */

/* Begin PBXSourcesBuildPhase section */
		C3DA0EB9232F595E00A94DC6 /* Sources */ = {
			isa = PBXSourcesBuildPhase;
			buildActionMask = 2147483647;
			files = (
				C3DA0EC3232F595E00A94DC6 /* ViewController.swift in Sources */,
				C3DA0EC1232F595E00A94DC6 /* AppDelegate.swift in Sources */,
			);
			runOnlyForDeploymentPostprocessing = 0;
		};
		C3DA0ECD232F595F00A94DC6 /* Sources */ = {
			isa = PBXSourcesBuildPhase;
			buildActionMask = 2147483647;
			files = (
				C3DA0ED6232F595F00A94DC6 /* Rx_PlaygroundTests.swift in Sources */,
			);
			runOnlyForDeploymentPostprocessing = 0;
		};
		C3DA0ED8232F595F00A94DC6 /* Sources */ = {
			isa = PBXSourcesBuildPhase;
			buildActionMask = 2147483647;
			files = (
				C3DA0EE1232F595F00A94DC6 /* Rx_PlaygroundUITests.swift in Sources */,
			);
			runOnlyForDeploymentPostprocessing = 0;
		};
/* End PBXSourcesBuildPhase section */

/* Begin PBXTargetDependency section */
		C3DA0ED3232F595F00A94DC6 /* PBXTargetDependency */ = {
			isa = PBXTargetDependency;
			target = C3DA0EBC232F595E00A94DC6 /* Rx-Playground */;
			targetProxy = C3DA0ED2232F595F00A94DC6 /* PBXContainerItemProxy */;
		};
		C3DA0EDE232F595F00A94DC6 /* PBXTargetDependency */ = {
			isa = PBXTargetDependency;
			target = C3DA0EBC232F595E00A94DC6 /* Rx-Playground */;
			targetProxy = C3DA0EDD232F595F00A94DC6 /* PBXContainerItemProxy */;
		};
/* End PBXTargetDependency section */

/* Begin PBXVariantGroup section */
		C3DA0EC4232F595E00A94DC6 /* Main.storyboard */ = {
			isa = PBXVariantGroup;
			children = (
				C3DA0EC5232F595E00A94DC6 /* Base */,
			);
			name = Main.storyboard;
			sourceTree = "<group>";
		};
		C3DA0EC9232F595F00A94DC6 /* LaunchScreen.storyboard */ = {
			isa = PBXVariantGroup;
			children = (
				C3DA0ECA232F595F00A94DC6 /* Base */,
			);
			name = LaunchScreen.storyboard;
			sourceTree = "<group>";
		};
/* End PBXVariantGroup section */

/* Begin XCBuildConfiguration section */
		C3DA0EE3232F595F00A94DC6 /* Debug */ = {
			isa = XCBuildConfiguration;
			buildSettings = {
				ALWAYS_SEARCH_USER_PATHS = NO;
				CLANG_ANALYZER_NONNULL = YES;
				CLANG_ANALYZER_NUMBER_OBJECT_CONVERSION = YES_AGGRESSIVE;
				CLANG_CXX_LANGUAGE_STANDARD = "gnu++14";
				CLANG_CXX_LIBRARY = "libc++";
				CLANG_ENABLE_MODULES = YES;
				CLANG_ENABLE_OBJC_ARC = YES;
				CLANG_ENABLE_OBJC_WEAK = YES;
				CLANG_WARN_BLOCK_CAPTURE_AUTORELEASING = YES;
				CLANG_WARN_BOOL_CONVERSION = YES;
				CLANG_WARN_COMMA = YES;
				CLANG_WARN_CONSTANT_CONVERSION = YES;
				CLANG_WARN_DEPRECATED_OBJC_IMPLEMENTATIONS = YES;
				CLANG_WARN_DIRECT_OBJC_ISA_USAGE = YES_ERROR;
				CLANG_WARN_DOCUMENTATION_COMMENTS = YES;
				CLANG_WARN_EMPTY_BODY = YES;
				CLANG_WARN_ENUM_CONVERSION = YES;
				CLANG_WARN_INFINITE_RECURSION = YES;
				CLANG_WARN_INT_CONVERSION = YES;
				CLANG_WARN_NON_LITERAL_NULL_CONVERSION = YES;
				CLANG_WARN_OBJC_IMPLICIT_RETAIN_SELF = YES;
				CLANG_WARN_OBJC_LITERAL_CONVERSION = YES;
				CLANG_WARN_OBJC_ROOT_CLASS = YES_ERROR;
				CLANG_WARN_RANGE_LOOP_ANALYSIS = YES;
				CLANG_WARN_STRICT_PROTOTYPES = YES;
				CLANG_WARN_SUSPICIOUS_MOVE = YES;
				CLANG_WARN_UNGUARDED_AVAILABILITY = YES_AGGRESSIVE;
				CLANG_WARN_UNREACHABLE_CODE = YES;
				CLANG_WARN__DUPLICATE_METHOD_MATCH = YES;
				CODE_SIGN_IDENTITY = "iPhone Developer";
				COPY_PHASE_STRIP = NO;
				DEBUG_INFORMATION_FORMAT = dwarf;
				ENABLE_STRICT_OBJC_MSGSEND = YES;
				ENABLE_TESTABILITY = YES;
				GCC_C_LANGUAGE_STANDARD = gnu11;
				GCC_DYNAMIC_NO_PIC = NO;
				GCC_NO_COMMON_BLOCKS = YES;
				GCC_OPTIMIZATION_LEVEL = 0;
				GCC_PREPROCESSOR_DEFINITIONS = (
					"DEBUG=1",
					"$(inherited)",
				);
				GCC_WARN_64_TO_32_BIT_CONVERSION = YES;
				GCC_WARN_ABOUT_RETURN_TYPE = YES_ERROR;
				GCC_WARN_UNDECLARED_SELECTOR = YES;
				GCC_WARN_UNINITIALIZED_AUTOS = YES_AGGRESSIVE;
				GCC_WARN_UNUSED_FUNCTION = YES;
				GCC_WARN_UNUSED_VARIABLE = YES;
				IPHONEOS_DEPLOYMENT_TARGET = 12.2;
				MTL_ENABLE_DEBUG_INFO = INCLUDE_SOURCE;
				MTL_FAST_MATH = YES;
				ONLY_ACTIVE_ARCH = YES;
				SDKROOT = iphoneos;
				SWIFT_ACTIVE_COMPILATION_CONDITIONS = DEBUG;
				SWIFT_OPTIMIZATION_LEVEL = "-Onone";
			};
			name = Debug;
		};
		C3DA0EE4232F595F00A94DC6 /* Release */ = {
			isa = XCBuildConfiguration;
			buildSettings = {
				ALWAYS_SEARCH_USER_PATHS = NO;
				CLANG_ANALYZER_NONNULL = YES;
				CLANG_ANALYZER_NUMBER_OBJECT_CONVERSION = YES_AGGRESSIVE;
				CLANG_CXX_LANGUAGE_STANDARD = "gnu++14";
				CLANG_CXX_LIBRARY = "libc++";
				CLANG_ENABLE_MODULES = YES;
				CLANG_ENABLE_OBJC_ARC = YES;
				CLANG_ENABLE_OBJC_WEAK = YES;
				CLANG_WARN_BLOCK_CAPTURE_AUTORELEASING = YES;
				CLANG_WARN_BOOL_CONVERSION = YES;
				CLANG_WARN_COMMA = YES;
				CLANG_WARN_CONSTANT_CONVERSION = YES;
				CLANG_WARN_DEPRECATED_OBJC_IMPLEMENTATIONS = YES;
				CLANG_WARN_DIRECT_OBJC_ISA_USAGE = YES_ERROR;
				CLANG_WARN_DOCUMENTATION_COMMENTS = YES;
				CLANG_WARN_EMPTY_BODY = YES;
				CLANG_WARN_ENUM_CONVERSION = YES;
				CLANG_WARN_INFINITE_RECURSION = YES;
				CLANG_WARN_INT_CONVERSION = YES;
				CLANG_WARN_NON_LITERAL_NULL_CONVERSION = YES;
				CLANG_WARN_OBJC_IMPLICIT_RETAIN_SELF = YES;
				CLANG_WARN_OBJC_LITERAL_CONVERSION = YES;
				CLANG_WARN_OBJC_ROOT_CLASS = YES_ERROR;
				CLANG_WARN_RANGE_LOOP_ANALYSIS = YES;
				CLANG_WARN_STRICT_PROTOTYPES = YES;
				CLANG_WARN_SUSPICIOUS_MOVE = YES;
				CLANG_WARN_UNGUARDED_AVAILABILITY = YES_AGGRESSIVE;
				CLANG_WARN_UNREACHABLE_CODE = YES;
				CLANG_WARN__DUPLICATE_METHOD_MATCH = YES;
				CODE_SIGN_IDENTITY = "iPhone Developer";
				COPY_PHASE_STRIP = NO;
				DEBUG_INFORMATION_FORMAT = "dwarf-with-dsym";
				ENABLE_NS_ASSERTIONS = NO;
				ENABLE_STRICT_OBJC_MSGSEND = YES;
				GCC_C_LANGUAGE_STANDARD = gnu11;
				GCC_NO_COMMON_BLOCKS = YES;
				GCC_WARN_64_TO_32_BIT_CONVERSION = YES;
				GCC_WARN_ABOUT_RETURN_TYPE = YES_ERROR;
				GCC_WARN_UNDECLARED_SELECTOR = YES;
				GCC_WARN_UNINITIALIZED_AUTOS = YES_AGGRESSIVE;
				GCC_WARN_UNUSED_FUNCTION = YES;
				GCC_WARN_UNUSED_VARIABLE = YES;
				IPHONEOS_DEPLOYMENT_TARGET = 12.2;
				MTL_ENABLE_DEBUG_INFO = NO;
				MTL_FAST_MATH = YES;
				SDKROOT = iphoneos;
				SWIFT_COMPILATION_MODE = wholemodule;
				SWIFT_OPTIMIZATION_LEVEL = "-O";
				VALIDATE_PRODUCT = YES;
			};
			name = Release;
		};
		C3DA0EE6232F595F00A94DC6 /* Debug */ = {
			isa = XCBuildConfiguration;
			baseConfigurationReference = DE854163B317A632DD8C96EB /* Pods-Rx-Playground.debug.xcconfig */;
			buildSettings = {
				ASSETCATALOG_COMPILER_APPICON_NAME = AppIcon;
				CODE_SIGN_STYLE = Automatic;
				DEVELOPMENT_TEAM = 6BM3DHMAF8;
				INFOPLIST_FILE = "Rx-Playground/Info.plist";
				LD_RUNPATH_SEARCH_PATHS = (
					"$(inherited)",
					"@executable_path/Frameworks",
				);
				PRODUCT_BUNDLE_IDENTIFIER = "com.egfojas.Rx-Playground";
				PRODUCT_NAME = "$(TARGET_NAME)";
				SWIFT_VERSION = 5.0;
				TARGETED_DEVICE_FAMILY = "1,2";
			};
			name = Debug;
		};
		C3DA0EE7232F595F00A94DC6 /* Release */ = {
			isa = XCBuildConfiguration;
			baseConfigurationReference = AC8973CEFBEFDACBD490D9FB /* Pods-Rx-Playground.release.xcconfig */;
			buildSettings = {
				ASSETCATALOG_COMPILER_APPICON_NAME = AppIcon;
				CODE_SIGN_STYLE = Automatic;
				DEVELOPMENT_TEAM = 6BM3DHMAF8;
				INFOPLIST_FILE = "Rx-Playground/Info.plist";
				LD_RUNPATH_SEARCH_PATHS = (
					"$(inherited)",
					"@executable_path/Frameworks",
				);
				PRODUCT_BUNDLE_IDENTIFIER = "com.egfojas.Rx-Playground";
				PRODUCT_NAME = "$(TARGET_NAME)";
				SWIFT_VERSION = 5.0;
				TARGETED_DEVICE_FAMILY = "1,2";
			};
			name = Release;
		};
		C3DA0EE9232F595F00A94DC6 /* Debug */ = {
			isa = XCBuildConfiguration;
			buildSettings = {
				ALWAYS_EMBED_SWIFT_STANDARD_LIBRARIES = YES;
				BUNDLE_LOADER = "$(TEST_HOST)";
				CODE_SIGN_STYLE = Automatic;
				DEVELOPMENT_TEAM = 6BM3DHMAF8;
				INFOPLIST_FILE = "Rx-PlaygroundTests/Info.plist";
				LD_RUNPATH_SEARCH_PATHS = (
					"$(inherited)",
					"@executable_path/Frameworks",
					"@loader_path/Frameworks",
				);
				PRODUCT_BUNDLE_IDENTIFIER = "com.egfojas.Rx-PlaygroundTests";
				PRODUCT_NAME = "$(TARGET_NAME)";
				SWIFT_VERSION = 5.0;
				TARGETED_DEVICE_FAMILY = "1,2";
				TEST_HOST = "$(BUILT_PRODUCTS_DIR)/Rx-Playground.app/Rx-Playground";
			};
			name = Debug;
		};
		C3DA0EEA232F595F00A94DC6 /* Release */ = {
			isa = XCBuildConfiguration;
			buildSettings = {
				ALWAYS_EMBED_SWIFT_STANDARD_LIBRARIES = YES;
				BUNDLE_LOADER = "$(TEST_HOST)";
				CODE_SIGN_STYLE = Automatic;
				DEVELOPMENT_TEAM = 6BM3DHMAF8;
				INFOPLIST_FILE = "Rx-PlaygroundTests/Info.plist";
				LD_RUNPATH_SEARCH_PATHS = (
					"$(inherited)",
					"@executable_path/Frameworks",
					"@loader_path/Frameworks",
				);
				PRODUCT_BUNDLE_IDENTIFIER = "com.egfojas.Rx-PlaygroundTests";
				PRODUCT_NAME = "$(TARGET_NAME)";
				SWIFT_VERSION = 5.0;
				TARGETED_DEVICE_FAMILY = "1,2";
				TEST_HOST = "$(BUILT_PRODUCTS_DIR)/Rx-Playground.app/Rx-Playground";
			};
			name = Release;
		};
		C3DA0EEC232F595F00A94DC6 /* Debug */ = {
			isa = XCBuildConfiguration;
			buildSettings = {
				ALWAYS_EMBED_SWIFT_STANDARD_LIBRARIES = YES;
				CODE_SIGN_STYLE = Automatic;
				DEVELOPMENT_TEAM = 6BM3DHMAF8;
				INFOPLIST_FILE = "Rx-PlaygroundUITests/Info.plist";
				LD_RUNPATH_SEARCH_PATHS = (
					"$(inherited)",
					"@executable_path/Frameworks",
					"@loader_path/Frameworks",
				);
				PRODUCT_BUNDLE_IDENTIFIER = "com.egfojas.Rx-PlaygroundUITests";
				PRODUCT_NAME = "$(TARGET_NAME)";
				SWIFT_VERSION = 5.0;
				TARGETED_DEVICE_FAMILY = "1,2";
				TEST_TARGET_NAME = "Rx-Playground";
			};
			name = Debug;
		};
		C3DA0EED232F595F00A94DC6 /* Release */ = {
			isa = XCBuildConfiguration;
			buildSettings = {
				ALWAYS_EMBED_SWIFT_STANDARD_LIBRARIES = YES;
				CODE_SIGN_STYLE = Automatic;
				DEVELOPMENT_TEAM = 6BM3DHMAF8;
				INFOPLIST_FILE = "Rx-PlaygroundUITests/Info.plist";
				LD_RUNPATH_SEARCH_PATHS = (
					"$(inherited)",
					"@executable_path/Frameworks",
					"@loader_path/Frameworks",
				);
				PRODUCT_BUNDLE_IDENTIFIER = "com.egfojas.Rx-PlaygroundUITests";
				PRODUCT_NAME = "$(TARGET_NAME)";
				SWIFT_VERSION = 5.0;
				TARGETED_DEVICE_FAMILY = "1,2";
				TEST_TARGET_NAME = "Rx-Playground";
			};
			name = Release;
		};
/* End XCBuildConfiguration section */

/* Begin XCConfigurationList section */
		C3DA0EB8232F595E00A94DC6 /* Build configuration list for PBXProject "Rx-Playground" */ = {
			isa = XCConfigurationList;
			buildConfigurations = (
				C3DA0EE3232F595F00A94DC6 /* Debug */,
				C3DA0EE4232F595F00A94DC6 /* Release */,
			);
			defaultConfigurationIsVisible = 0;
			defaultConfigurationName = Release;
		};
		C3DA0EE5232F595F00A94DC6 /* Build configuration list for PBXNativeTarget "Rx-Playground" */ = {
			isa = XCConfigurationList;
			buildConfigurations = (
				C3DA0EE6232F595F00A94DC6 /* Debug */,
				C3DA0EE7232F595F00A94DC6 /* Release */,
			);
			defaultConfigurationIsVisible = 0;
			defaultConfigurationName = Release;
		};
		C3DA0EE8232F595F00A94DC6 /* Build configuration list for PBXNativeTarget "Rx-PlaygroundTests" */ = {
			isa = XCConfigurationList;
			buildConfigurations = (
				C3DA0EE9232F595F00A94DC6 /* Debug */,
				C3DA0EEA232F595F00A94DC6 /* Release */,
			);
			defaultConfigurationIsVisible = 0;
			defaultConfigurationName = Release;
		};
		C3DA0EEB232F595F00A94DC6 /* Build configuration list for PBXNativeTarget "Rx-PlaygroundUITests" */ = {
			isa = XCConfigurationList;
			buildConfigurations = (
				C3DA0EEC232F595F00A94DC6 /* Debug */,
				C3DA0EED232F595F00A94DC6 /* Release */,
			);
			defaultConfigurationIsVisible = 0;
			defaultConfigurationName = Release;
		};
/* End XCConfigurationList section */
	};
	rootObject = C3DA0EB5232F595E00A94DC6 /* Project object */;
}
